
Microsoft Visual Studio Solution File, Format Version 12.00
# Visual Studio Version 17
VisualStudioVersion = 17.8.34601.278
MinimumVisualStudioVersion = 10.0.40219.1
Project("{FAE04EC0-301F-11D3-BF4B-00C04F79EFBC}") = "AnimalKindom", "AnimalKindom.csproj", "{1E01475E-E5DE-4DCD-BEF8-CF96B6C9D358}"
EndProject
Global
	GlobalSection(SolutionConfigurationPlatforms) = preSolution
		Debug|Any CPU = Debug|Any CPU
		Release|Any CPU = Release|Any CPU
	EndGlobalSection
	GlobalSection(ProjectConfigurationPlatforms) = postSolution
		{1E01475E-E5DE-4DCD-BEF8-CF96B6C9D358}.Debug|Any CPU.ActiveCfg = Debug|Any CPU
		{1E01475E-E5DE-4DCD-BEF8-CF96B6C9D358}.Debug|Any CPU.Build.0 = Debug|Any CPU
		{1E01475E-E5DE-4DCD-BEF8-CF96B6C9D358}.Release|Any CPU.ActiveCfg = Release|Any CPU
		{1E01475E-E5DE-4DCD-BEF8-CF96B6C9D358}.Release|Any CPU.Build.0 = Release|Any CPU
	EndGlobalSection
	GlobalSection(SolutionProperties) = preSolution
		HideSolutionNode = FALSE
	EndGlobalSection
	GlobalSection(ExtensibilityGlobals) = postSolution
		SolutionGuid = {9A42C511-1A7E-44E3-9784-DAF57C720BA3}
	EndGlobalSection
EndGlobal
